// !$*UTF8*$!
{
	archiveVersion = 1;
	classes = {
	};
	objectVersion = 50;
	objects = {

/* Begin PBXBuildFile section */
		745197B821E6629700D29B5D /* AppDelegate.swift in Sources */ = {isa = PBXBuildFile; fileRef = 745197B721E6629700D29B5D /* AppDelegate.swift */; };
		745197BD21E6629700D29B5D /* Main.storyboard in Resources */ = {isa = PBXBuildFile; fileRef = 745197BB21E6629700D29B5D /* Main.storyboard */; };
		745197BF21E662A600D29B5D /* Assets.xcassets in Resources */ = {isa = PBXBuildFile; fileRef = 745197BE21E662A600D29B5D /* Assets.xcassets */; };
		745197C221E662A600D29B5D /* LaunchScreen.storyboard in Resources */ = {isa = PBXBuildFile; fileRef = 745197C021E662A600D29B5D /* LaunchScreen.storyboard */; };
		745197CA21E667AE00D29B5D /* CollectionViewController.swift in Sources */ = {isa = PBXBuildFile; fileRef = 745197C921E667AE00D29B5D /* CollectionViewController.swift */; };
		745197CC21E667EF00D29B5D /* NetworkManager.swift in Sources */ = {isa = PBXBuildFile; fileRef = 745197CB21E667EF00D29B5D /* NetworkManager.swift */; };
		745197D021E6687B00D29B5D /* GitViewModel.swift in Sources */ = {isa = PBXBuildFile; fileRef = 745197CF21E6687B00D29B5D /* GitViewModel.swift */; };
		745197D421E7007300D29B5D /* ViewModel.swift in Sources */ = {isa = PBXBuildFile; fileRef = 745197D321E7007300D29B5D /* ViewModel.swift */; };
		745197D721E7CF1C00D29B5D /* CollectionViewCell.swift in Sources */ = {isa = PBXBuildFile; fileRef = 745197D521E7CF1C00D29B5D /* CollectionViewCell.swift */; };
		745197D821E7CF1C00D29B5D /* CollectionViewCell.xib in Resources */ = {isa = PBXBuildFile; fileRef = 745197D621E7CF1C00D29B5D /* CollectionViewCell.xib */; };
		745197E121E8052500D29B5D /* README.md in Resources */ = {isa = PBXBuildFile; fileRef = 745197E021E8052500D29B5D /* README.md */; };
/* End PBXBuildFile section */

/* Begin PBXFileReference section */
		745197B421E6629700D29B5D /* GitHubViewer.app */ = {isa = PBXFileReference; explicitFileType = wrapper.application; includeInIndex = 0; path = GitHubViewer.app; sourceTree = BUILT_PRODUCTS_DIR; };
		745197B721E6629700D29B5D /* AppDelegate.swift */ = {isa = PBXFileReference; lastKnownFileType = sourcecode.swift; path = AppDelegate.swift; sourceTree = "<group>"; };
		745197BC21E6629700D29B5D /* Base */ = {isa = PBXFileReference; lastKnownFileType = file.storyboard; name = Base; path = Base.lproj/Main.storyboard; sourceTree = "<group>"; };
		745197BE21E662A600D29B5D /* Assets.xcassets */ = {isa = PBXFileReference; lastKnownFileType = folder.assetcatalog; path = Assets.xcassets; sourceTree = "<group>"; };
		745197C121E662A600D29B5D /* Base */ = {isa = PBXFileReference; lastKnownFileType = file.storyboard; name = Base; path = Base.lproj/LaunchScreen.storyboard; sourceTree = "<group>"; };
		745197C321E662A600D29B5D /* Info.plist */ = {isa = PBXFileReference; lastKnownFileType = text.plist.xml; path = Info.plist; sourceTree = "<group>"; };
		745197C921E667AE00D29B5D /* CollectionViewController.swift */ = {isa = PBXFileReference; lastKnownFileType = sourcecode.swift; path = CollectionViewController.swift; sourceTree = "<group>"; };
		745197CB21E667EF00D29B5D /* NetworkManager.swift */ = {isa = PBXFileReference; lastKnownFileType = sourcecode.swift; path = NetworkManager.swift; sourceTree = "<group>"; };
		745197CF21E6687B00D29B5D /* GitViewModel.swift */ = {isa = PBXFileReference; lastKnownFileType = sourcecode.swift; path = GitViewModel.swift; sourceTree = "<group>"; };
		745197D321E7007300D29B5D /* ViewModel.swift */ = {isa = PBXFileReference; lastKnownFileType = sourcecode.swift; path = ViewModel.swift; sourceTree = "<group>"; };
		745197D521E7CF1C00D29B5D /* CollectionViewCell.swift */ = {isa = PBXFileReference; lastKnownFileType = sourcecode.swift; path = CollectionViewCell.swift; sourceTree = "<group>"; };
		745197D621E7CF1C00D29B5D /* CollectionViewCell.xib */ = {isa = PBXFileReference; lastKnownFileType = file.xib; path = CollectionViewCell.xib; sourceTree = "<group>"; };
		745197E021E8052500D29B5D /* README.md */ = {isa = PBXFileReference; fileEncoding = 4; lastKnownFileType = net.daringfireball.markdown; path = README.md; sourceTree = "<group>"; };
/* End PBXFileReference section */

/* Begin PBXFrameworksBuildPhase section */
		745197B121E6629700D29B5D /* Frameworks */ = {
			isa = PBXFrameworksBuildPhase;
			buildActionMask = 2147483647;
			files = (
			);
			runOnlyForDeploymentPostprocessing = 0;
		};
/* End PBXFrameworksBuildPhase section */

/* Begin PBXGroup section */
		745197AB21E6629700D29B5D = {
			isa = PBXGroup;
			children = (
				745197E021E8052500D29B5D /* README.md */,
				745197B621E6629700D29B5D /* GitHubViewer */,
				745197DD21E7F5DD00D29B5D /* Resources */,
				745197B521E6629700D29B5D /* Products */,
			);
			sourceTree = "<group>";
		};
		745197B521E6629700D29B5D /* Products */ = {
			isa = PBXGroup;
			children = (
				745197B421E6629700D29B5D /* GitHubViewer.app */,
			);
			name = Products;
			sourceTree = "<group>";
		};
		745197B621E6629700D29B5D /* GitHubViewer */ = {
			isa = PBXGroup;
			children = (
				745197DC21E7F5A600D29B5D /* Application Delegate */,
				745197DA21E7F57400D29B5D /* Model */,
				745197DB21E7F58700D29B5D /* View Controllers */,
				745197D921E7F56000D29B5D /* ViewModel */,
				745197DE21E7F64200D29B5D /* Network Manager */,
			);
			path = GitHubViewer;
			sourceTree = "<group>";
		};
		745197D921E7F56000D29B5D /* ViewModel */ = {
			isa = PBXGroup;
			children = (
				745197D321E7007300D29B5D /* ViewModel.swift */,
			);
			name = ViewModel;
			path = ..;
			sourceTree = "<group>";
		};
		745197DA21E7F57400D29B5D /* Model */ = {
			isa = PBXGroup;
			children = (
				745197CF21E6687B00D29B5D /* GitViewModel.swift */,
			);
			name = Model;
			path = ..;
			sourceTree = "<group>";
		};
		745197DB21E7F58700D29B5D /* View Controllers */ = {
			isa = PBXGroup;
			children = (
				745197C921E667AE00D29B5D /* CollectionViewController.swift */,
				745197DF21E7F65600D29B5D /* Custom Cells */,
			);
			name = "View Controllers";
			path = ..;
			sourceTree = "<group>";
		};
		745197DC21E7F5A600D29B5D /* Application Delegate */ = {
			isa = PBXGroup;
			children = (
				745197B721E6629700D29B5D /* AppDelegate.swift */,
			);
			name = "Application Delegate";
			path = ..;
			sourceTree = "<group>";
		};
		745197DD21E7F5DD00D29B5D /* Resources */ = {
			isa = PBXGroup;
			children = (
				745197BB21E6629700D29B5D /* Main.storyboard */,
				745197BE21E662A600D29B5D /* Assets.xcassets */,
				745197C021E662A600D29B5D /* LaunchScreen.storyboard */,
				745197C321E662A600D29B5D /* Info.plist */,
				745197D621E7CF1C00D29B5D /* CollectionViewCell.xib */,
			);
			name = Resources;
			sourceTree = "<group>";
		};
		745197DE21E7F64200D29B5D /* Network Manager */ = {
			isa = PBXGroup;
			children = (
				745197CB21E667EF00D29B5D /* NetworkManager.swift */,
			);
			name = "Network Manager";
			path = ..;
			sourceTree = "<group>";
		};
		745197DF21E7F65600D29B5D /* Custom Cells */ = {
			isa = PBXGroup;
			children = (
				745197D521E7CF1C00D29B5D /* CollectionViewCell.swift */,
			);
			name = "Custom Cells";
			sourceTree = "<group>";
		};
/* End PBXGroup section */

/* Begin PBXNativeTarget section */
		745197B321E6629700D29B5D /* GitHubViewer */ = {
			isa = PBXNativeTarget;
			buildConfigurationList = 745197C621E662A600D29B5D /* Build configuration list for PBXNativeTarget "GitHubViewer" */;
			buildPhases = (
				745197B021E6629700D29B5D /* Sources */,
				745197B121E6629700D29B5D /* Frameworks */,
				745197B221E6629700D29B5D /* Resources */,
			);
			buildRules = (
			);
			dependencies = (
			);
			name = GitHubViewer;
			productName = GitHubViewer;
			productReference = 745197B421E6629700D29B5D /* GitHubViewer.app */;
			productType = "com.apple.product-type.application";
		};
/* End PBXNativeTarget section */

/* Begin PBXProject section */
		745197AC21E6629700D29B5D /* Project object */ = {
			isa = PBXProject;
			attributes = {
				LastSwiftUpdateCheck = 1010;
				LastUpgradeCheck = 1010;
				ORGANIZATIONNAME = MZ;
				TargetAttributes = {
					745197B321E6629700D29B5D = {
						CreatedOnToolsVersion = 10.1;
					};
				};
			};
			buildConfigurationList = 745197AF21E6629700D29B5D /* Build configuration list for PBXProject "GitHubViewer" */;
			compatibilityVersion = "Xcode 9.3";
			developmentRegion = en;
			hasScannedForEncodings = 0;
			knownRegions = (
				en,
				Base,
			);
			mainGroup = 745197AB21E6629700D29B5D;
			productRefGroup = 745197B521E6629700D29B5D /* Products */;
			projectDirPath = "";
			projectRoot = "";
			targets = (
				745197B321E6629700D29B5D /* GitHubViewer */,
			);
		};
/* End PBXProject section */

/* Begin PBXResourcesBuildPhase section */
		745197B221E6629700D29B5D /* Resources */ = {
			isa = PBXResourcesBuildPhase;
			buildActionMask = 2147483647;
			files = (
				745197C221E662A600D29B5D /* LaunchScreen.storyboard in Resources */,
				745197BF21E662A600D29B5D /* Assets.xcassets in Resources */,
				745197E121E8052500D29B5D /* README.md in Resources */,
				745197D821E7CF1C00D29B5D /* CollectionViewCell.xib in Resources */,
				745197BD21E6629700D29B5D /* Main.storyboard in Resources */,
			);
			runOnlyForDeploymentPostprocessing = 0;
		};
/* End PBXResourcesBuildPhase section */

/* Begin PBXSourcesBuildPhase section */
		745197B021E6629700D29B5D /* Sources */ = {
			isa = PBXSourcesBuildPhase;
			buildActionMask = 2147483647;
			files = (
				745197CC21E667EF00D29B5D /* NetworkManager.swift in Sources */,
				745197CA21E667AE00D29B5D /* CollectionViewController.swift in Sources */,
				745197D721E7CF1C00D29B5D /* CollectionViewCell.swift in Sources */,
				745197B821E6629700D29B5D /* AppDelegate.swift in Sources */,
				745197D421E7007300D29B5D /* ViewModel.swift in Sources */,
				745197D021E6687B00D29B5D /* GitViewModel.swift in Sources */,
			);
			runOnlyForDeploymentPostprocessing = 0;
		};
/* End PBXSourcesBuildPhase section */

/* Begin PBXVariantGroup section */
		745197BB21E6629700D29B5D /* Main.storyboard */ = {
			isa = PBXVariantGroup;
			children = (
				745197BC21E6629700D29B5D /* Base */,
			);
			name = Main.storyboard;
			sourceTree = "<group>";
		};
		745197C021E662A600D29B5D /* LaunchScreen.storyboard */ = {
			isa = PBXVariantGroup;
			children = (
				745197C121E662A600D29B5D /* Base */,
			);
			name = LaunchScreen.storyboard;
			sourceTree = "<group>";
		};
/* End PBXVariantGroup section */

/* Begin XCBuildConfiguration section */
		745197C421E662A600D29B5D /* Debug */ = {
			isa = XCBuildConfiguration;
			buildSettings = {
				ALWAYS_SEARCH_USER_PATHS = NO;
				CLANG_ANALYZER_NONNULL = YES;
				CLANG_ANALYZER_NUMBER_OBJECT_CONVERSION = YES_AGGRESSIVE;
				CLANG_CXX_LANGUAGE_STANDARD = "gnu++14";
				CLANG_CXX_LIBRARY = "libc++";
				CLANG_ENABLE_MODULES = YES;
				CLANG_ENABLE_OBJC_ARC = YES;
				CLANG_ENABLE_OBJC_WEAK = YES;
				CLANG_WARN_BLOCK_CAPTURE_AUTORELEASING = YES;
				CLANG_WARN_BOOL_CONVERSION = YES;
				CLANG_WARN_COMMA = YES;
				CLANG_WARN_CONSTANT_CONVERSION = YES;
				CLANG_WARN_DEPRECATED_OBJC_IMPLEMENTATIONS = YES;
				CLANG_WARN_DIRECT_OBJC_ISA_USAGE = YES_ERROR;
				CLANG_WARN_DOCUMENTATION_COMMENTS = YES;
				CLANG_WARN_EMPTY_BODY = YES;
				CLANG_WARN_ENUM_CONVERSION = YES;
				CLANG_WARN_INFINITE_RECURSION = YES;
				CLANG_WARN_INT_CONVERSION = YES;
				CLANG_WARN_NON_LITERAL_NULL_CONVERSION = YES;
				CLANG_WARN_OBJC_IMPLICIT_RETAIN_SELF = YES;
				CLANG_WARN_OBJC_LITERAL_CONVERSION = YES;
				CLANG_WARN_OBJC_ROOT_CLASS = YES_ERROR;
				CLANG_WARN_RANGE_LOOP_ANALYSIS = YES;
				CLANG_WARN_STRICT_PROTOTYPES = YES;
				CLANG_WARN_SUSPICIOUS_MOVE = YES;
				CLANG_WARN_UNGUARDED_AVAILABILITY = YES_AGGRESSIVE;
				CLANG_WARN_UNREACHABLE_CODE = YES;
				CLANG_WARN__DUPLICATE_METHOD_MATCH = YES;
				CODE_SIGN_IDENTITY = "iPhone Developer";
				COPY_PHASE_STRIP = NO;
				DEBUG_INFORMATION_FORMAT = dwarf;
				ENABLE_STRICT_OBJC_MSGSEND = YES;
				ENABLE_TESTABILITY = YES;
				GCC_C_LANGUAGE_STANDARD = gnu11;
				GCC_DYNAMIC_NO_PIC = NO;
				GCC_NO_COMMON_BLOCKS = YES;
				GCC_OPTIMIZATION_LEVEL = 0;
				GCC_PREPROCESSOR_DEFINITIONS = (
					"DEBUG=1",
					"$(inherited)",
				);
				GCC_WARN_64_TO_32_BIT_CONVERSION = YES;
				GCC_WARN_ABOUT_RETURN_TYPE = YES_ERROR;
				GCC_WARN_UNDECLARED_SELECTOR = YES;
				GCC_WARN_UNINITIALIZED_AUTOS = YES_AGGRESSIVE;
				GCC_WARN_UNUSED_FUNCTION = YES;
				GCC_WARN_UNUSED_VARIABLE = YES;
				IPHONEOS_DEPLOYMENT_TARGET = 12.1;
				MTL_ENABLE_DEBUG_INFO = INCLUDE_SOURCE;
				MTL_FAST_MATH = YES;
				ONLY_ACTIVE_ARCH = YES;
				SDKROOT = iphoneos;
				SWIFT_ACTIVE_COMPILATION_CONDITIONS = DEBUG;
				SWIFT_OPTIMIZATION_LEVEL = "-Onone";
			};
			name = Debug;
		};
		745197C521E662A600D29B5D /* Release */ = {
			isa = XCBuildConfiguration;
			buildSettings = {
				ALWAYS_SEARCH_USER_PATHS = NO;
				CLANG_ANALYZER_NONNULL = YES;
				CLANG_ANALYZER_NUMBER_OBJECT_CONVERSION = YES_AGGRESSIVE;
				CLANG_CXX_LANGUAGE_STANDARD = "gnu++14";
				CLANG_CXX_LIBRARY = "libc++";
				CLANG_ENABLE_MODULES = YES;
				CLANG_ENABLE_OBJC_ARC = YES;
				CLANG_ENABLE_OBJC_WEAK = YES;
				CLANG_WARN_BLOCK_CAPTURE_AUTORELEASING = YES;
				CLANG_WARN_BOOL_CONVERSION = YES;
				CLANG_WARN_COMMA = YES;
				CLANG_WARN_CONSTANT_CONVERSION = YES;
				CLANG_WARN_DEPRECATED_OBJC_IMPLEMENTATIONS = YES;
				CLANG_WARN_DIRECT_OBJC_ISA_USAGE = YES_ERROR;
				CLANG_WARN_DOCUMENTATION_COMMENTS = YES;
				CLANG_WARN_EMPTY_BODY = YES;
				CLANG_WARN_ENUM_CONVERSION = YES;
				CLANG_WARN_INFINITE_RECURSION = YES;
				CLANG_WARN_INT_CONVERSION = YES;
				CLANG_WARN_NON_LITERAL_NULL_CONVERSION = YES;
				CLANG_WARN_OBJC_IMPLICIT_RETAIN_SELF = YES;
				CLANG_WARN_OBJC_LITERAL_CONVERSION = YES;
				CLANG_WARN_OBJC_ROOT_CLASS = YES_ERROR;
				CLANG_WARN_RANGE_LOOP_ANALYSIS = YES;
				CLANG_WARN_STRICT_PROTOTYPES = YES;
				CLANG_WARN_SUSPICIOUS_MOVE = YES;
				CLANG_WARN_UNGUARDED_AVAILABILITY = YES_AGGRESSIVE;
				CLANG_WARN_UNREACHABLE_CODE = YES;
				CLANG_WARN__DUPLICATE_METHOD_MATCH = YES;
				CODE_SIGN_IDENTITY = "iPhone Developer";
				COPY_PHASE_STRIP = NO;
				DEBUG_INFORMATION_FORMAT = "dwarf-with-dsym";
				ENABLE_NS_ASSERTIONS = NO;
				ENABLE_STRICT_OBJC_MSGSEND = YES;
				GCC_C_LANGUAGE_STANDARD = gnu11;
				GCC_NO_COMMON_BLOCKS = YES;
				GCC_WARN_64_TO_32_BIT_CONVERSION = YES;
				GCC_WARN_ABOUT_RETURN_TYPE = YES_ERROR;
				GCC_WARN_UNDECLARED_SELECTOR = YES;
				GCC_WARN_UNINITIALIZED_AUTOS = YES_AGGRESSIVE;
				GCC_WARN_UNUSED_FUNCTION = YES;
				GCC_WARN_UNUSED_VARIABLE = YES;
				IPHONEOS_DEPLOYMENT_TARGET = 12.1;
				MTL_ENABLE_DEBUG_INFO = NO;
				MTL_FAST_MATH = YES;
				SDKROOT = iphoneos;
				SWIFT_COMPILATION_MODE = wholemodule;
				SWIFT_OPTIMIZATION_LEVEL = "-O";
				VALIDATE_PRODUCT = YES;
			};
			name = Release;
		};
		745197C721E662A600D29B5D /* Debug */ = {
			isa = XCBuildConfiguration;
			buildSettings = {
				ASSETCATALOG_COMPILER_APPICON_NAME = AppIcon;
				CODE_SIGN_STYLE = Automatic;
				DEVELOPMENT_TEAM = 497H3M9522;
				INFOPLIST_FILE = "$(SRCROOT)/Info.plist";
				LD_RUNPATH_SEARCH_PATHS = (
					"$(inherited)",
					"@executable_path/Frameworks",
				);
				PRODUCT_BUNDLE_IDENTIFIER = MZ.GitHubViewer;
				PRODUCT_NAME = "$(TARGET_NAME)";
				SWIFT_VERSION = 4.2;
				TARGETED_DEVICE_FAMILY = "1,2";
			};
			name = Debug;
		};
		745197C821E662A600D29B5D /* Release */ = {
			isa = XCBuildConfiguration;
			buildSettings = {
				ASSETCATALOG_COMPILER_APPICON_NAME = AppIcon;
				CODE_SIGN_STYLE = Automatic;
				DEVELOPMENT_TEAM = 497H3M9522;
				INFOPLIST_FILE = "$(SRCROOT)/Info.plist";
				LD_RUNPATH_SEARCH_PATHS = (
					"$(inherited)",
					"@executable_path/Frameworks",
				);
				PRODUCT_BUNDLE_IDENTIFIER = MZ.GitHubViewer;
				PRODUCT_NAME = "$(TARGET_NAME)";
				SWIFT_VERSION = 4.2;
				TARGETED_DEVICE_FAMILY = "1,2";
			};
			name = Release;
		};
/* End XCBuildConfiguration section */

/* Begin XCConfigurationList section */
		745197AF21E6629700D29B5D /* Build configuration list for PBXProject "GitHubViewer" */ = {
			isa = XCConfigurationList;
			buildConfigurations = (
				745197C421E662A600D29B5D /* Debug */,
				745197C521E662A600D29B5D /* Release */,
			);
			defaultConfigurationIsVisible = 0;
			defaultConfigurationName = Release;
		};
		745197C621E662A600D29B5D /* Build configuration list for PBXNativeTarget "GitHubViewer" */ = {
			isa = XCConfigurationList;
			buildConfigurations = (
				745197C721E662A600D29B5D /* Debug */,
				745197C821E662A600D29B5D /* Release */,
			);
			defaultConfigurationIsVisible = 0;
			defaultConfigurationName = Release;
		};
/* End XCConfigurationList section */
	};
	rootObject = 745197AC21E6629700D29B5D /* Project object */;
}
